
Microsoft Visual Studio Solution File, Format Version 12.00
# Visual Studio Version 17
VisualStudioVersion = 17.3.32929.385
MinimumVisualStudioVersion = 10.0.40219.1
Project("{FAE04EC0-301F-11D3-BF4B-00C04F79EFBC}") = "Employee.API", "Employee.API\Employee.API.csproj", "{6CB518EF-9FD9-4A54-B190-245080F46E97}"
EndProject
Global
	GlobalSection(SolutionConfigurationPlatforms) = preSolution
		Debug|Any CPU = Debug|Any CPU
		Release|Any CPU = Release|Any CPU
	EndGlobalSection
	GlobalSection(ProjectConfigurationPlatforms) = postSolution
		{6CB518EF-9FD9-4A54-B190-245080F46E97}.Debug|Any CPU.ActiveCfg = Debug|Any CPU
		{6CB518EF-9FD9-4A54-B190-245080F46E97}.Debug|Any CPU.Build.0 = Debug|Any CPU
		{6CB518EF-9FD9-4A54-B190-245080F46E97}.Release|Any CPU.ActiveCfg = Release|Any CPU
		{6CB518EF-9FD9-4A54-B190-245080F46E97}.Release|Any CPU.Build.0 = Release|Any CPU
	EndGlobalSection
	GlobalSection(SolutionProperties) = preSolution
		HideSolutionNode = FALSE
	EndGlobalSection
	GlobalSection(ExtensibilityGlobals) = postSolution
		SolutionGuid = {2686A37C-0142-4D2C-841D-373239890A18}
	EndGlobalSection
EndGlobal
